{
  "name": "cldr-numbers-full",
  "version": "46.0.0",
  "lockfileVersion": 3,
  "requires": true,
  "packages": {
    "": {
      "name": "cldr-numbers-full",
      "version": "46.0.0",
      "license": "Unicode-3.0",
      "dependencies": {
        "cldr-numbers-full": "file:"
      },
      "peerDependencies": {
        "cldr-core": "46.0.0"
      }
    },
    "node_modules/cldr-core": {
      "version": "46.0.0",
      "resolved": "https://registry.npmjs.org/cldr-core/-/cldr-core-46.0.0.tgz",
      "integrity": "sha512-2RkpQFhbrxPGeoF1KB8HyNjNcJa9xgkkiQcL1up0nm+dFHI8kSNDMkZxzwIkrLkhxneoZQeqqX3G+ZggeuUVPw==",
      "license": "Unicode-3.0",
      "peer": true
    },
    "node_modules/cldr-numbers-full": {
      "resolved": "",
      "link": true
    }
  }
}
