{
  "name": "cldr-person-names-full",
  "version": "46.0.0",
  "lockfileVersion": 3,
  "requires": true,
  "packages": {
    "": {
      "name": "cldr-person-names-full",
      "version": "46.0.0",
      "license": "Unicode-3.0",
      "dependencies": {
        "cldr-person-names-full": "file:"
      }
    },
    "node_modules/cldr-person-names-full": {
      "resolved": "",
      "link": true
    }
  }
}
