{
  "name": "cldr-bcp47",
  "version": "46.0.0",
  "lockfileVersion": 3,
  "requires": true,
  "packages": {
    "": {
      "name": "cldr-bcp47",
      "version": "46.0.0",
      "license": "Unicode-3.0",
      "dependencies": {
        "cldr-bcp47": "file:"
      }
    },
    "node_modules/cldr-bcp47": {
      "resolved": "",
      "link": true
    }
  }
}
